
Microsoft Visual Studio Solution File, Format Version 12.00
# Visual Studio 2012
Project("{FAE04EC0-301F-11D3-BF4B-00C04F79EFBC}") = "Solid.Inicio", "Solid.Inicio\Solid.Inicio.csproj", "{64FAE134-C41E-4C05-8D4C-3A153A4F1BFD}"
EndProject
Project("{FAE04EC0-301F-11D3-BF4B-00C04F79EFBC}") = "Solid.SRP", "Solid.SRP\Solid.SRP.csproj", "{6E5FD021-3777-4603-B87D-D7379682DD1F}"
EndProject
Project("{FAE04EC0-301F-11D3-BF4B-00C04F79EFBC}") = "Solid.OCP", "Solid.OCP\Solid.OCP.csproj", "{28B15160-AC2E-47D5-833A-9CDF669F52FA}"
EndProject
Global
	GlobalSection(SolutionConfigurationPlatforms) = preSolution
		Debug|Any CPU = Debug|Any CPU
		Release|Any CPU = Release|Any CPU
	EndGlobalSection
	GlobalSection(ProjectConfigurationPlatforms) = postSolution
		{64FAE134-C41E-4C05-8D4C-3A153A4F1BFD}.Debug|Any CPU.ActiveCfg = Debug|Any CPU
		{64FAE134-C41E-4C05-8D4C-3A153A4F1BFD}.Debug|Any CPU.Build.0 = Debug|Any CPU
		{64FAE134-C41E-4C05-8D4C-3A153A4F1BFD}.Release|Any CPU.ActiveCfg = Release|Any CPU
		{64FAE134-C41E-4C05-8D4C-3A153A4F1BFD}.Release|Any CPU.Build.0 = Release|Any CPU
		{6E5FD021-3777-4603-B87D-D7379682DD1F}.Debug|Any CPU.ActiveCfg = Debug|Any CPU
		{6E5FD021-3777-4603-B87D-D7379682DD1F}.Debug|Any CPU.Build.0 = Debug|Any CPU
		{6E5FD021-3777-4603-B87D-D7379682DD1F}.Release|Any CPU.ActiveCfg = Release|Any CPU
		{6E5FD021-3777-4603-B87D-D7379682DD1F}.Release|Any CPU.Build.0 = Release|Any CPU
		{28B15160-AC2E-47D5-833A-9CDF669F52FA}.Debug|Any CPU.ActiveCfg = Debug|Any CPU
		{28B15160-AC2E-47D5-833A-9CDF669F52FA}.Debug|Any CPU.Build.0 = Debug|Any CPU
		{28B15160-AC2E-47D5-833A-9CDF669F52FA}.Release|Any CPU.ActiveCfg = Release|Any CPU
		{28B15160-AC2E-47D5-833A-9CDF669F52FA}.Release|Any CPU.Build.0 = Release|Any CPU
	EndGlobalSection
	GlobalSection(SolutionProperties) = preSolution
		HideSolutionNode = FALSE
	EndGlobalSection
EndGlobal
